
Microsoft Visual Studio Solution File, Format Version 12.00
# Visual Studio 2012
Project("{FAE04EC0-301F-11D3-BF4B-00C04F79EFBC}") = "RomanNumerals", "RomanNumerals\RomanNumerals.csproj", "{9F1A92CF-F36A-4852-8827-E1507CAC1E76}"
EndProject
Project("{FAE04EC0-301F-11D3-BF4B-00C04F79EFBC}") = "Tests", "Tests\Tests.csproj", "{8039833C-2B03-4288-864A-B4B2A4BD82B6}"
EndProject
Global
	GlobalSection(SolutionConfigurationPlatforms) = preSolution
		Debug|Any CPU = Debug|Any CPU
		Release|Any CPU = Release|Any CPU
	EndGlobalSection
	GlobalSection(ProjectConfigurationPlatforms) = postSolution
		{9F1A92CF-F36A-4852-8827-E1507CAC1E76}.Debug|Any CPU.ActiveCfg = Debug|Any CPU
		{9F1A92CF-F36A-4852-8827-E1507CAC1E76}.Debug|Any CPU.Build.0 = Debug|Any CPU
		{9F1A92CF-F36A-4852-8827-E1507CAC1E76}.Release|Any CPU.ActiveCfg = Release|Any CPU
		{9F1A92CF-F36A-4852-8827-E1507CAC1E76}.Release|Any CPU.Build.0 = Release|Any CPU
		{8039833C-2B03-4288-864A-B4B2A4BD82B6}.Debug|Any CPU.ActiveCfg = Debug|Any CPU
		{8039833C-2B03-4288-864A-B4B2A4BD82B6}.Debug|Any CPU.Build.0 = Debug|Any CPU
		{8039833C-2B03-4288-864A-B4B2A4BD82B6}.Release|Any CPU.ActiveCfg = Release|Any CPU
		{8039833C-2B03-4288-864A-B4B2A4BD82B6}.Release|Any CPU.Build.0 = Release|Any CPU
	EndGlobalSection
	GlobalSection(SolutionProperties) = preSolution
		HideSolutionNode = FALSE
	EndGlobalSection
EndGlobal
